
Microsoft Visual Studio Solution File, Format Version 12.00
# Visual Studio Version 17
VisualStudioVersion = 17.5.33627.172
MinimumVisualStudioVersion = 10.0.40219.1
Project("{FAE04EC0-301F-11D3-BF4B-00C04F79EFBC}") = "6_Задание_13Вариант", "6_Задание_13Вариант\6_Задание_13Вариант.csproj", "{47ECB355-BD80-4953-ABF6-B6ACBC6897B2}"
EndProject
Global
	GlobalSection(SolutionConfigurationPlatforms) = preSolution
		Debug|Any CPU = Debug|Any CPU
		Release|Any CPU = Release|Any CPU
	EndGlobalSection
	GlobalSection(ProjectConfigurationPlatforms) = postSolution
		{47ECB355-BD80-4953-ABF6-B6ACBC6897B2}.Debug|Any CPU.ActiveCfg = Debug|Any CPU
		{47ECB355-BD80-4953-ABF6-B6ACBC6897B2}.Debug|Any CPU.Build.0 = Debug|Any CPU
		{47ECB355-BD80-4953-ABF6-B6ACBC6897B2}.Release|Any CPU.ActiveCfg = Release|Any CPU
		{47ECB355-BD80-4953-ABF6-B6ACBC6897B2}.Release|Any CPU.Build.0 = Release|Any CPU
	EndGlobalSection
	GlobalSection(SolutionProperties) = preSolution
		HideSolutionNode = FALSE
	EndGlobalSection
	GlobalSection(ExtensibilityGlobals) = postSolution
		SolutionGuid = {C0BE13FB-4871-486B-A0AC-9B0844E9DCE9}
	EndGlobalSection
EndGlobal
