
Microsoft Visual Studio Solution File, Format Version 12.00
# Visual Studio Version 17
VisualStudioVersion = 17.5.33627.172
MinimumVisualStudioVersion = 10.0.40219.1
Project("{FAE04EC0-301F-11D3-BF4B-00C04F79EFBC}") = "3_Задание_16Вариант", "3_Задание_16Вариант\3_Задание_16Вариант.csproj", "{E1C836D5-C655-4554-8133-43941F4C68DF}"
EndProject
Global
	GlobalSection(SolutionConfigurationPlatforms) = preSolution
		Debug|Any CPU = Debug|Any CPU
		Release|Any CPU = Release|Any CPU
	EndGlobalSection
	GlobalSection(ProjectConfigurationPlatforms) = postSolution
		{E1C836D5-C655-4554-8133-43941F4C68DF}.Debug|Any CPU.ActiveCfg = Debug|Any CPU
		{E1C836D5-C655-4554-8133-43941F4C68DF}.Debug|Any CPU.Build.0 = Debug|Any CPU
		{E1C836D5-C655-4554-8133-43941F4C68DF}.Release|Any CPU.ActiveCfg = Release|Any CPU
		{E1C836D5-C655-4554-8133-43941F4C68DF}.Release|Any CPU.Build.0 = Release|Any CPU
	EndGlobalSection
	GlobalSection(SolutionProperties) = preSolution
		HideSolutionNode = FALSE
	EndGlobalSection
	GlobalSection(ExtensibilityGlobals) = postSolution
		SolutionGuid = {14F48769-979F-4504-8B37-1A904F69E967}
	EndGlobalSection
EndGlobal
