
Microsoft Visual Studio Solution File, Format Version 12.00
# Visual Studio Version 17
VisualStudioVersion = 17.3.32901.215
MinimumVisualStudioVersion = 10.0.40219.1
Project("{FAE04EC0-301F-11D3-BF4B-00C04F79EFBC}") = "WindowsFormsApp1", "WindowsFormsApp1\WindowsFormsApp1.csproj", "{F1069BC1-2EB2-47A4-88EF-179CB7C54006}"
EndProject
Global
	GlobalSection(SolutionConfigurationPlatforms) = preSolution
		Debug|Any CPU = Debug|Any CPU
		Release|Any CPU = Release|Any CPU
	EndGlobalSection
	GlobalSection(ProjectConfigurationPlatforms) = postSolution
		{F1069BC1-2EB2-47A4-88EF-179CB7C54006}.Debug|Any CPU.ActiveCfg = Debug|Any CPU
		{F1069BC1-2EB2-47A4-88EF-179CB7C54006}.Debug|Any CPU.Build.0 = Debug|Any CPU
		{F1069BC1-2EB2-47A4-88EF-179CB7C54006}.Release|Any CPU.ActiveCfg = Release|Any CPU
		{F1069BC1-2EB2-47A4-88EF-179CB7C54006}.Release|Any CPU.Build.0 = Release|Any CPU
	EndGlobalSection
	GlobalSection(SolutionProperties) = preSolution
		HideSolutionNode = FALSE
	EndGlobalSection
	GlobalSection(ExtensibilityGlobals) = postSolution
		SolutionGuid = {40CA416F-6E4C-41AD-A273-F46CF66AD4B9}
	EndGlobalSection
EndGlobal
