
Microsoft Visual Studio Solution File, Format Version 12.00
# Visual Studio Version 17
VisualStudioVersion = 17.3.32901.215
MinimumVisualStudioVersion = 10.0.40219.1
Project("{FAE04EC0-301F-11D3-BF4B-00C04F79EFBC}") = "3.5", "3.5\3.5.csproj", "{FB466D89-A68C-41FE-84D0-0C6766466875}"
EndProject
Global
	GlobalSection(SolutionConfigurationPlatforms) = preSolution
		Debug|Any CPU = Debug|Any CPU
		Release|Any CPU = Release|Any CPU
	EndGlobalSection
	GlobalSection(ProjectConfigurationPlatforms) = postSolution
		{FB466D89-A68C-41FE-84D0-0C6766466875}.Debug|Any CPU.ActiveCfg = Debug|Any CPU
		{FB466D89-A68C-41FE-84D0-0C6766466875}.Debug|Any CPU.Build.0 = Debug|Any CPU
		{FB466D89-A68C-41FE-84D0-0C6766466875}.Release|Any CPU.ActiveCfg = Release|Any CPU
		{FB466D89-A68C-41FE-84D0-0C6766466875}.Release|Any CPU.Build.0 = Release|Any CPU
	EndGlobalSection
	GlobalSection(SolutionProperties) = preSolution
		HideSolutionNode = FALSE
	EndGlobalSection
	GlobalSection(ExtensibilityGlobals) = postSolution
		SolutionGuid = {8A8D8337-1FC9-48BD-A0EB-225B0FDDC3F6}
	EndGlobalSection
EndGlobal
